
Microsoft Visual Studio Solution File, Format Version 11.00
# Visual C# Express 2010
Project("{FAE04EC0-301F-11D3-BF4B-00C04F79EFBC}") = "p351 - Sort Random Cards", "p351 - Sort Random Cards\p351 - Sort Random Cards.csproj", "{C80547F7-C00A-42E6-AA56-DAB65412AF69}"
EndProject
Global
	GlobalSection(SolutionConfigurationPlatforms) = preSolution
		Debug|x86 = Debug|x86
		Release|x86 = Release|x86
	EndGlobalSection
	GlobalSection(ProjectConfigurationPlatforms) = postSolution
		{C80547F7-C00A-42E6-AA56-DAB65412AF69}.Debug|x86.ActiveCfg = Debug|x86
		{C80547F7-C00A-42E6-AA56-DAB65412AF69}.Debug|x86.Build.0 = Debug|x86
		{C80547F7-C00A-42E6-AA56-DAB65412AF69}.Release|x86.ActiveCfg = Release|x86
		{C80547F7-C00A-42E6-AA56-DAB65412AF69}.Release|x86.Build.0 = Release|x86
	EndGlobalSection
	GlobalSection(SolutionProperties) = preSolution
		HideSolutionNode = FALSE
	EndGlobalSection
EndGlobal
