
Microsoft Visual Studio Solution File, Format Version 11.00
# Visual C# Express 2010
Project("{FAE04EC0-301F-11D3-BF4B-00C04F79EFBC}") = "p443 - Serializable Guy", "p443 - Serializable Guy\p443 - Serializable Guy.csproj", "{7D6DE217-0DEA-4FB5-9A9D-9382E7D3EF54}"
EndProject
Global
	GlobalSection(SolutionConfigurationPlatforms) = preSolution
		Debug|x86 = Debug|x86
		Release|x86 = Release|x86
	EndGlobalSection
	GlobalSection(ProjectConfigurationPlatforms) = postSolution
		{7D6DE217-0DEA-4FB5-9A9D-9382E7D3EF54}.Debug|x86.ActiveCfg = Debug|x86
		{7D6DE217-0DEA-4FB5-9A9D-9382E7D3EF54}.Debug|x86.Build.0 = Debug|x86
		{7D6DE217-0DEA-4FB5-9A9D-9382E7D3EF54}.Release|x86.ActiveCfg = Release|x86
		{7D6DE217-0DEA-4FB5-9A9D-9382E7D3EF54}.Release|x86.Build.0 = Release|x86
	EndGlobalSection
	GlobalSection(SolutionProperties) = preSolution
		HideSolutionNode = FALSE
	EndGlobalSection
EndGlobal
