
Microsoft Visual Studio Solution File, Format Version 11.00
# Visual C# Express 2010
Project("{FAE04EC0-301F-11D3-BF4B-00C04F79EFBC}") = "p356 - Upcast an entire list", "p356 - Upcast an entire list\p356 - Upcast an entire list.csproj", "{BA479539-A2B5-4D60-A87B-2A076CE4A691}"
EndProject
Global
	GlobalSection(SolutionConfigurationPlatforms) = preSolution
		Debug|x86 = Debug|x86
		Release|x86 = Release|x86
	EndGlobalSection
	GlobalSection(ProjectConfigurationPlatforms) = postSolution
		{BA479539-A2B5-4D60-A87B-2A076CE4A691}.Debug|x86.ActiveCfg = Debug|x86
		{BA479539-A2B5-4D60-A87B-2A076CE4A691}.Debug|x86.Build.0 = Debug|x86
		{BA479539-A2B5-4D60-A87B-2A076CE4A691}.Release|x86.ActiveCfg = Release|x86
		{BA479539-A2B5-4D60-A87B-2A076CE4A691}.Release|x86.Build.0 = Release|x86
	EndGlobalSection
	GlobalSection(SolutionProperties) = preSolution
		HideSolutionNode = FALSE
	EndGlobalSection
EndGlobal
