
Microsoft Visual Studio Solution File, Format Version 11.00
# Visual C# Express 2010
Project("{FAE04EC0-301F-11D3-BF4B-00C04F79EFBC}") = "p538 - Whack-a-mole", "p538 - Whack-a-mole\p538 - Whack-a-mole.csproj", "{49E0F863-2BF0-45DD-B737-50BB0301ECF4}"
EndProject
Global
	GlobalSection(SolutionConfigurationPlatforms) = preSolution
		Debug|x86 = Debug|x86
		Release|x86 = Release|x86
	EndGlobalSection
	GlobalSection(ProjectConfigurationPlatforms) = postSolution
		{49E0F863-2BF0-45DD-B737-50BB0301ECF4}.Debug|x86.ActiveCfg = Debug|x86
		{49E0F863-2BF0-45DD-B737-50BB0301ECF4}.Debug|x86.Build.0 = Debug|x86
		{49E0F863-2BF0-45DD-B737-50BB0301ECF4}.Release|x86.ActiveCfg = Release|x86
		{49E0F863-2BF0-45DD-B737-50BB0301ECF4}.Release|x86.Build.0 = Release|x86
	EndGlobalSection
	GlobalSection(SolutionProperties) = preSolution
		HideSolutionNode = FALSE
	EndGlobalSection
EndGlobal
