
Microsoft Visual Studio Solution File, Format Version 11.00
# Visual C# Express 2010
Project("{FAE04EC0-301F-11D3-BF4B-00C04F79EFBC}") = "p444 - Serialize a deck of cards", "p444 - Serialize a deck of cards\p444 - Serialize a deck of cards.csproj", "{DF2910C6-F9DE-4BF5-B2CA-594257F3704C}"
EndProject
Global
	GlobalSection(SolutionConfigurationPlatforms) = preSolution
		Debug|x86 = Debug|x86
		Release|x86 = Release|x86
	EndGlobalSection
	GlobalSection(ProjectConfigurationPlatforms) = postSolution
		{DF2910C6-F9DE-4BF5-B2CA-594257F3704C}.Debug|x86.ActiveCfg = Debug|x86
		{DF2910C6-F9DE-4BF5-B2CA-594257F3704C}.Debug|x86.Build.0 = Debug|x86
		{DF2910C6-F9DE-4BF5-B2CA-594257F3704C}.Release|x86.ActiveCfg = Release|x86
		{DF2910C6-F9DE-4BF5-B2CA-594257F3704C}.Release|x86.Build.0 = Release|x86
	EndGlobalSection
	GlobalSection(SolutionProperties) = preSolution
		HideSolutionNode = FALSE
	EndGlobalSection
EndGlobal
