
Microsoft Visual Studio Solution File, Format Version 11.00
# Visual C# Express 2010
Project("{FAE04EC0-301F-11D3-BF4B-00C04F79EFBC}") = "p670 - Using out and optional parameters", "p670 - Using out and optional parameters\p670 - Using out and optional parameters.csproj", "{07EDA000-8352-475E-9CEB-A95EC91568D0}"
EndProject
Global
	GlobalSection(SolutionConfigurationPlatforms) = preSolution
		Debug|x86 = Debug|x86
		Release|x86 = Release|x86
	EndGlobalSection
	GlobalSection(ProjectConfigurationPlatforms) = postSolution
		{07EDA000-8352-475E-9CEB-A95EC91568D0}.Debug|x86.ActiveCfg = Debug|x86
		{07EDA000-8352-475E-9CEB-A95EC91568D0}.Debug|x86.Build.0 = Debug|x86
		{07EDA000-8352-475E-9CEB-A95EC91568D0}.Release|x86.ActiveCfg = Release|x86
		{07EDA000-8352-475E-9CEB-A95EC91568D0}.Release|x86.Build.0 = Release|x86
	EndGlobalSection
	GlobalSection(SolutionProperties) = preSolution
		HideSolutionNode = FALSE
	EndGlobalSection
EndGlobal
