
Microsoft Visual Studio Solution File, Format Version 11.00
# Visual C# Express 2010
Project("{FAE04EC0-301F-11D3-BF4B-00C04F79EFBC}") = "p412 - The Swindler launches another diabolical plan", "p412 - The Swindler launches another diabolical plan\p412 - The Swindler launches another diabolical plan.csproj", "{7C203836-041E-4960-B473-CC0CBC20B7CD}"
EndProject
Global
	GlobalSection(SolutionConfigurationPlatforms) = preSolution
		Debug|x86 = Debug|x86
		Release|x86 = Release|x86
	EndGlobalSection
	GlobalSection(ProjectConfigurationPlatforms) = postSolution
		{7C203836-041E-4960-B473-CC0CBC20B7CD}.Debug|x86.ActiveCfg = Debug|x86
		{7C203836-041E-4960-B473-CC0CBC20B7CD}.Debug|x86.Build.0 = Debug|x86
		{7C203836-041E-4960-B473-CC0CBC20B7CD}.Release|x86.ActiveCfg = Release|x86
		{7C203836-041E-4960-B473-CC0CBC20B7CD}.Release|x86.Build.0 = Release|x86
	EndGlobalSection
	GlobalSection(SolutionProperties) = preSolution
		HideSolutionNode = FALSE
	EndGlobalSection
EndGlobal
