
Microsoft Visual Studio Solution File, Format Version 11.00
# Visual C# Express 2010
Project("{FAE04EC0-301F-11D3-BF4B-00C04F79EFBC}") = "p158 - Code magnets", "p158 - Code magnets\p158 - Code magnets.csproj", "{1A29486E-FB55-4A54-9220-729FCE1030BC}"
EndProject
Global
	GlobalSection(SolutionConfigurationPlatforms) = preSolution
		Debug|x86 = Debug|x86
		Release|x86 = Release|x86
	EndGlobalSection
	GlobalSection(ProjectConfigurationPlatforms) = postSolution
		{1A29486E-FB55-4A54-9220-729FCE1030BC}.Debug|x86.ActiveCfg = Debug|x86
		{1A29486E-FB55-4A54-9220-729FCE1030BC}.Debug|x86.Build.0 = Debug|x86
		{1A29486E-FB55-4A54-9220-729FCE1030BC}.Release|x86.ActiveCfg = Release|x86
		{1A29486E-FB55-4A54-9220-729FCE1030BC}.Release|x86.Build.0 = Release|x86
	EndGlobalSection
	GlobalSection(SolutionProperties) = preSolution
		HideSolutionNode = FALSE
	EndGlobalSection
EndGlobal
